Microsoft Visual Studio Solution File, Format Version 8.00
Project("{8BC9CEB8-8B4A-11D0-8D11-00A0C91BC942}") = "libslp", "libslp\libslp.vcproj", "{BE7E922E-9D34-4482-A039-592394240744}"
	ProjectSection(ProjectDependencies) = postProject
	EndProjectSection
EndProject
Project("{8BC9CEB8-8B4A-11D0-8D11-00A0C91BC942}") = "slpd", "slpd\slpd.vcproj", "{DA8B9647-28D1-4CB8-8081-4F356C9CC674}"
	ProjectSection(ProjectDependencies) = postProject
	EndProjectSection
EndProject
Project("{8BC9CEB8-8B4A-11D0-8D11-00A0C91BC942}") = "slptool", "slptool\slptool.vcproj", "{9B5F060E-4ED8-42BF-828C-47B29A601BCB}"
	ProjectSection(ProjectDependencies) = postProject
		{BE7E922E-9D34-4482-A039-592394240744} = {BE7E922E-9D34-4482-A039-592394240744}
	EndProjectSection
EndProject
Global
	GlobalSection(SolutionConfiguration) = preSolution
		Debug = Debug
		Release = Release
	EndGlobalSection
	GlobalSection(ProjectConfiguration) = postSolution
		{BE7E922E-9D34-4482-A039-592394240744}.Debug.ActiveCfg = Debug|Win32
		{BE7E922E-9D34-4482-A039-592394240744}.Debug.Build.0 = Debug|Win32
		{BE7E922E-9D34-4482-A039-592394240744}.Release.ActiveCfg = Release|Win32
		{BE7E922E-9D34-4482-A039-592394240744}.Release.Build.0 = Release|Win32
		{DA8B9647-28D1-4CB8-8081-4F356C9CC674}.Debug.ActiveCfg = Debug|Win32
		{DA8B9647-28D1-4CB8-8081-4F356C9CC674}.Debug.Build.0 = Debug|Win32
		{DA8B9647-28D1-4CB8-8081-4F356C9CC674}.Release.ActiveCfg = Release|Win32
		{DA8B9647-28D1-4CB8-8081-4F356C9CC674}.Release.Build.0 = Release|Win32
		{9B5F060E-4ED8-42BF-828C-47B29A601BCB}.Debug.ActiveCfg = Debug|Win32
		{9B5F060E-4ED8-42BF-828C-47B29A601BCB}.Debug.Build.0 = Debug|Win32
		{9B5F060E-4ED8-42BF-828C-47B29A601BCB}.Release.ActiveCfg = Release|Win32
		{9B5F060E-4ED8-42BF-828C-47B29A601BCB}.Release.Build.0 = Release|Win32
	EndGlobalSection
	GlobalSection(ExtensibilityGlobals) = postSolution
	EndGlobalSection
	GlobalSection(ExtensibilityAddIns) = postSolution
	EndGlobalSection
EndGlobal
