<?xml version="1.0" encoding="utf-8"?>
<Project ToolsVersion="4.0" xmlns="http://schemas.microsoft.com/developer/msbuild/2003">
  <ItemGroup>
    <Filter Include="Source Files">
      <UniqueIdentifier>{4FC737F1-C7A5-4376-A066-2A32D752A2FF}</UniqueIdentifier>
      <Extensions>cpp;c;cc;cxx;def;odl;idl;hpj;bat;asm;asmx</Extensions>
    </Filter>
    <Filter Include="Header Files">
      <UniqueIdentifier>{93995380-89BD-4b04-88EB-625FBE52EBFB}</UniqueIdentifier>
      <Extensions>h;hpp;hxx;hm;inl;inc;xsd</Extensions>
    </Filter>
    <Filter Include="Resource Files">
      <UniqueIdentifier>{67DA6AB6-F800-4c08-8B7A-83BB121AAD01}</UniqueIdentifier>
      <Extensions>rc;ico;cur;bmp;dlg;rc2;rct;bin;rgs;gif;jpg;jpeg;jpe;resx;tiff;tif;png;wav</Extensions>
    </Filter>
  </ItemGroup>
  <ItemGroup>
    <ClCompile Include="..\..\slpd\slpd_cmdline.c">
      <Filter>Source Files</Filter>
    </ClCompile>
    <ClCompile Include="..\..\slpd\slpd_database.c">
      <Filter>Source Files</Filter>
    </ClCompile>
    <ClCompile Include="..\..\slpd\slpd_incoming.c">
      <Filter>Source Files</Filter>
    </ClCompile>
    <ClCompile Include="..\..\slpd\slpd_index.c">
      <Filter>Source Files</Filter>
    </ClCompile>
    <ClCompile Include="..\..\slpd\slpd_knownda.c">
      <Filter>Source Files</Filter>
    </ClCompile>
    <ClCompile Include="..\..\slpd\slpd_log.c">
      <Filter>Source Files</Filter>
    </ClCompile>
    <ClCompile Include="..\..\slpd\slpd_main.c">
      <Filter>Source Files</Filter>
    </ClCompile>
    <ClCompile Include="..\..\slpd\slpd_outgoing.c">
      <Filter>Source Files</Filter>
    </ClCompile>
    <ClCompile Include="..\..\slpd\slpd_predicate.c">
      <Filter>Source Files</Filter>
    </ClCompile>
    <ClCompile Include="..\..\slpd\slpd_process.c">
      <Filter>Source Files</Filter>
    </ClCompile>
    <ClCompile Include="..\..\slpd\slpd_property.c">
      <Filter>Source Files</Filter>
    </ClCompile>
    <ClCompile Include="..\..\slpd\slpd_regfile.c">
      <Filter>Source Files</Filter>
    </ClCompile>
    <ClCompile Include="..\..\slpd\slpd_socket.c">
      <Filter>Source Files</Filter>
    </ClCompile>
    <ClCompile Include="..\..\slpd\slpd_spi.c">
      <Filter>Source Files</Filter>
    </ClCompile>
    <ClCompile Include="..\..\slpd\slpd_v1process.c">
      <Filter>Source Files</Filter>
    </ClCompile>
    <ClCompile Include="..\..\slpd\slpd_win32.c">
      <Filter>Source Files</Filter>
    </ClCompile>
  </ItemGroup>
  <ItemGroup>
    <ClInclude Include="..\..\slpd\slpd.h">
      <Filter>Header Files</Filter>
    </ClInclude>
    <ClInclude Include="..\..\slpd\slpd_cmdline.h">
      <Filter>Header Files</Filter>
    </ClInclude>
    <ClInclude Include="..\..\slpd\slpd_database.h">
      <Filter>Header Files</Filter>
    </ClInclude>
    <ClInclude Include="..\..\slpd\slpd_incoming.h">
      <Filter>Header Files</Filter>
    </ClInclude>
    <ClInclude Include="..\..\slpd\slpd_index.h">
      <Filter>Header Files</Filter>
    </ClInclude>
    <ClInclude Include="..\..\slpd\slpd_knownda.h">
      <Filter>Header Files</Filter>
    </ClInclude>
    <ClInclude Include="..\..\slpd\slpd_log.h">
      <Filter>Header Files</Filter>
    </ClInclude>
    <ClInclude Include="..\..\slpd\slpd_outgoing.h">
      <Filter>Header Files</Filter>
    </ClInclude>
    <ClInclude Include="..\..\slpd\slpd_predicate.h">
      <Filter>Header Files</Filter>
    </ClInclude>
    <ClInclude Include="..\..\slpd\slpd_process.h">
      <Filter>Header Files</Filter>
    </ClInclude>
    <ClInclude Include="..\..\slpd\slpd_property.h">
      <Filter>Header Files</Filter>
    </ClInclude>
    <ClInclude Include="..\..\slpd\slpd_regfile.h">
      <Filter>Header Files</Filter>
    </ClInclude>
    <ClInclude Include="..\..\slpd\slpd_socket.h">
      <Filter>Header Files</Filter>
    </ClInclude>
    <ClInclude Include="..\..\slpd\slpd_spi.h">
      <Filter>Header Files</Filter>
    </ClInclude>
    <ClInclude Include="..\..\slpd\slpd_unistd.h">
      <Filter>Header Files</Filter>
    </ClInclude>
    <ClInclude Include="..\..\slpd\slpd_win32.h">
      <Filter>Header Files</Filter>
    </ClInclude>
  </ItemGroup>
</Project>